// !$*UTF8*$!
{
	archiveVersion = 1;
	classes = {
	};
	objectVersion = 48;
	objects = {

/* Begin PBXBuildFile section */
		4E37AA9E1F5B06180081AAD5 /* ProductCell.swift in Sources */ = {isa = PBXBuildFile; fileRef = 4E37AA9D1F5B06180081AAD5 /* ProductCell.swift */; };
		4E6AF30B1F620ECB00697674 /* product.swift in Sources */ = {isa = PBXBuildFile; fileRef = 4E6AF30A1F620ECB00697674 /* product.swift */; };
		4E6AF30D1F62217C00697674 /* ProductsVC.swift in Sources */ = {isa = PBXBuildFile; fileRef = 4E6AF30C1F62217C00697674 /* ProductsVC.swift */; };
		4E7D88191F58D5D80026CBD4 /* AppDelegate.swift in Sources */ = {isa = PBXBuildFile; fileRef = 4E7D88181F58D5D80026CBD4 /* AppDelegate.swift */; };
		4E7D881B1F58D5D80026CBD4 /* CategoriesVC.swift in Sources */ = {isa = PBXBuildFile; fileRef = 4E7D881A1F58D5D80026CBD4 /* CategoriesVC.swift */; };
		4E7D881E1F58D5D80026CBD4 /* Main.storyboard in Resources */ = {isa = PBXBuildFile; fileRef = 4E7D881C1F58D5D80026CBD4 /* Main.storyboard */; };
		4E7D88201F58D5D80026CBD4 /* Assets.xcassets in Resources */ = {isa = PBXBuildFile; fileRef = 4E7D881F1F58D5D80026CBD4 /* Assets.xcassets */; };
		4E7D88231F58D5D80026CBD4 /* LaunchScreen.storyboard in Resources */ = {isa = PBXBuildFile; fileRef = 4E7D88211F58D5D80026CBD4 /* LaunchScreen.storyboard */; };
		4ED763481F58E587006268E1 /* CategoryCell.swift in Sources */ = {isa = PBXBuildFile; fileRef = 4ED763471F58E587006268E1 /* CategoryCell.swift */; };
		4ED7634A1F58EE9A006268E1 /* Category.swift in Sources */ = {isa = PBXBuildFile; fileRef = 4ED763491F58EE9A006268E1 /* Category.swift */; };
		4ED7634D1F58F089006268E1 /* DataService.swift in Sources */ = {isa = PBXBuildFile; fileRef = 4ED7634C1F58F089006268E1 /* DataService.swift */; };
/* End PBXBuildFile section */

/* Begin PBXFileReference section */
		4E37AA9D1F5B06180081AAD5 /* ProductCell.swift */ = {isa = PBXFileReference; lastKnownFileType = sourcecode.swift; path = ProductCell.swift; sourceTree = "<group>"; };
		4E6AF30A1F620ECB00697674 /* product.swift */ = {isa = PBXFileReference; lastKnownFileType = sourcecode.swift; path = product.swift; sourceTree = "<group>"; };
		4E6AF30C1F62217C00697674 /* ProductsVC.swift */ = {isa = PBXFileReference; lastKnownFileType = sourcecode.swift; path = ProductsVC.swift; sourceTree = "<group>"; };
		4E7D88151F58D5D80026CBD4 /* coder-swag.app */ = {isa = PBXFileReference; explicitFileType = wrapper.application; includeInIndex = 0; path = "coder-swag.app"; sourceTree = BUILT_PRODUCTS_DIR; };
		4E7D88181F58D5D80026CBD4 /* AppDelegate.swift */ = {isa = PBXFileReference; lastKnownFileType = sourcecode.swift; path = AppDelegate.swift; sourceTree = "<group>"; };
		4E7D881A1F58D5D80026CBD4 /* CategoriesVC.swift */ = {isa = PBXFileReference; lastKnownFileType = sourcecode.swift; path = CategoriesVC.swift; sourceTree = "<group>"; };
		4E7D881D1F58D5D80026CBD4 /* Base */ = {isa = PBXFileReference; lastKnownFileType = file.storyboard; name = Base; path = Base.lproj/Main.storyboard; sourceTree = "<group>"; };
		4E7D881F1F58D5D80026CBD4 /* Assets.xcassets */ = {isa = PBXFileReference; lastKnownFileType = folder.assetcatalog; path = Assets.xcassets; sourceTree = "<group>"; };
		4E7D88221F58D5D80026CBD4 /* Base */ = {isa = PBXFileReference; lastKnownFileType = file.storyboard; name = Base; path = Base.lproj/LaunchScreen.storyboard; sourceTree = "<group>"; };
		4E7D88241F58D5D80026CBD4 /* Info.plist */ = {isa = PBXFileReference; lastKnownFileType = text.plist.xml; path = Info.plist; sourceTree = "<group>"; };
		4ED763471F58E587006268E1 /* CategoryCell.swift */ = {isa = PBXFileReference; lastKnownFileType = sourcecode.swift; path = CategoryCell.swift; sourceTree = "<group>"; };
		4ED763491F58EE9A006268E1 /* Category.swift */ = {isa = PBXFileReference; lastKnownFileType = sourcecode.swift; path = Category.swift; sourceTree = "<group>"; };
		4ED7634C1F58F089006268E1 /* DataService.swift */ = {isa = PBXFileReference; lastKnownFileType = sourcecode.swift; path = DataService.swift; sourceTree = "<group>"; };
/* End PBXFileReference section */

/* Begin PBXFrameworksBuildPhase section */
		4E7D88121F58D5D80026CBD4 /* Frameworks */ = {
			isa = PBXFrameworksBuildPhase;
			buildActionMask = 2147483647;
			files = (
			);
			runOnlyForDeploymentPostprocessing = 0;
		};
/* End PBXFrameworksBuildPhase section */

/* Begin PBXGroup section */
		4E7D880C1F58D5D80026CBD4 = {
			isa = PBXGroup;
			children = (
				4E7D88171F58D5D80026CBD4 /* coder-swag */,
				4E7D88161F58D5D80026CBD4 /* Products */,
			);
			sourceTree = "<group>";
		};
		4E7D88161F58D5D80026CBD4 /* Products */ = {
			isa = PBXGroup;
			children = (
				4E7D88151F58D5D80026CBD4 /* coder-swag.app */,
			);
			name = Products;
			sourceTree = "<group>";
		};
		4E7D88171F58D5D80026CBD4 /* coder-swag */ = {
			isa = PBXGroup;
			children = (
				4ED7634B1F58F05D006268E1 /* Services */,
				4ED763461F58E4F4006268E1 /* View */,
				4ED763451F58E4EA006268E1 /* Model */,
				4ED763441F58E4DE006268E1 /* Contoller */,
				4E7D88181F58D5D80026CBD4 /* AppDelegate.swift */,
				4E7D881C1F58D5D80026CBD4 /* Main.storyboard */,
				4E7D881F1F58D5D80026CBD4 /* Assets.xcassets */,
				4E7D88211F58D5D80026CBD4 /* LaunchScreen.storyboard */,
				4E7D88241F58D5D80026CBD4 /* Info.plist */,
			);
			path = "coder-swag";
			sourceTree = "<group>";
		};
		4ED763441F58E4DE006268E1 /* Contoller */ = {
			isa = PBXGroup;
			children = (
				4E7D881A1F58D5D80026CBD4 /* CategoriesVC.swift */,
				4E6AF30C1F62217C00697674 /* ProductsVC.swift */,
			);
			path = Contoller;
			sourceTree = "<group>";
		};
		4ED763451F58E4EA006268E1 /* Model */ = {
			isa = PBXGroup;
			children = (
				4ED763491F58EE9A006268E1 /* Category.swift */,
				4E6AF30A1F620ECB00697674 /* product.swift */,
			);
			path = Model;
			sourceTree = "<group>";
		};
		4ED763461F58E4F4006268E1 /* View */ = {
			isa = PBXGroup;
			children = (
				4ED763471F58E587006268E1 /* CategoryCell.swift */,
				4E37AA9D1F5B06180081AAD5 /* ProductCell.swift */,
			);
			path = View;
			sourceTree = "<group>";
		};
		4ED7634B1F58F05D006268E1 /* Services */ = {
			isa = PBXGroup;
			children = (
				4ED7634C1F58F089006268E1 /* DataService.swift */,
			);
			path = Services;
			sourceTree = "<group>";
		};
/* End PBXGroup section */

/* Begin PBXNativeTarget section */
		4E7D88141F58D5D80026CBD4 /* coder-swag */ = {
			isa = PBXNativeTarget;
			buildConfigurationList = 4E7D88271F58D5D80026CBD4 /* Build configuration list for PBXNativeTarget "coder-swag" */;
			buildPhases = (
				4E7D88111F58D5D80026CBD4 /* Sources */,
				4E7D88121F58D5D80026CBD4 /* Frameworks */,
				4E7D88131F58D5D80026CBD4 /* Resources */,
			);
			buildRules = (
			);
			dependencies = (
			);
			name = "coder-swag";
			productName = "coder-swag";
			productReference = 4E7D88151F58D5D80026CBD4 /* coder-swag.app */;
			productType = "com.apple.product-type.application";
		};
/* End PBXNativeTarget section */

/* Begin PBXProject section */
		4E7D880D1F58D5D80026CBD4 /* Project object */ = {
			isa = PBXProject;
			attributes = {
				LastSwiftUpdateCheck = 0900;
				LastUpgradeCheck = 0900;
				ORGANIZATIONNAME = "Carleton Snow";
				TargetAttributes = {
					4E7D88141F58D5D80026CBD4 = {
						CreatedOnToolsVersion = 9.0;
					};
				};
			};
			buildConfigurationList = 4E7D88101F58D5D80026CBD4 /* Build configuration list for PBXProject "coder-swag" */;
			compatibilityVersion = "Xcode 8.0";
			developmentRegion = en;
			hasScannedForEncodings = 0;
			knownRegions = (
				en,
				Base,
			);
			mainGroup = 4E7D880C1F58D5D80026CBD4;
			productRefGroup = 4E7D88161F58D5D80026CBD4 /* Products */;
			projectDirPath = "";
			projectRoot = "";
			targets = (
				4E7D88141F58D5D80026CBD4 /* coder-swag */,
			);
		};
/* End PBXProject section */

/* Begin PBXResourcesBuildPhase section */
		4E7D88131F58D5D80026CBD4 /* Resources */ = {
			isa = PBXResourcesBuildPhase;
			buildActionMask = 2147483647;
			files = (
				4E7D88231F58D5D80026CBD4 /* LaunchScreen.storyboard in Resources */,
				4E7D88201F58D5D80026CBD4 /* Assets.xcassets in Resources */,
				4E7D881E1F58D5D80026CBD4 /* Main.storyboard in Resources */,
			);
			runOnlyForDeploymentPostprocessing = 0;
		};
/* End PBXResourcesBuildPhase section */

/* Begin PBXSourcesBuildPhase section */
		4E7D88111F58D5D80026CBD4 /* Sources */ = {
			isa = PBXSourcesBuildPhase;
			buildActionMask = 2147483647;
			files = (
				4E6AF30D1F62217C00697674 /* ProductsVC.swift in Sources */,
				4E7D881B1F58D5D80026CBD4 /* CategoriesVC.swift in Sources */,
				4E7D88191F58D5D80026CBD4 /* AppDelegate.swift in Sources */,
				4ED763481F58E587006268E1 /* CategoryCell.swift in Sources */,
				4E37AA9E1F5B06180081AAD5 /* ProductCell.swift in Sources */,
				4ED7634A1F58EE9A006268E1 /* Category.swift in Sources */,
				4E6AF30B1F620ECB00697674 /* product.swift in Sources */,
				4ED7634D1F58F089006268E1 /* DataService.swift in Sources */,
			);
			runOnlyForDeploymentPostprocessing = 0;
		};
/* End PBXSourcesBuildPhase section */

/* Begin PBXVariantGroup section */
		4E7D881C1F58D5D80026CBD4 /* Main.storyboard */ = {
			isa = PBXVariantGroup;
			children = (
				4E7D881D1F58D5D80026CBD4 /* Base */,
			);
			name = Main.storyboard;
			sourceTree = "<group>";
		};
		4E7D88211F58D5D80026CBD4 /* LaunchScreen.storyboard */ = {
			isa = PBXVariantGroup;
			children = (
				4E7D88221F58D5D80026CBD4 /* Base */,
			);
			name = LaunchScreen.storyboard;
			sourceTree = "<group>";
		};
/* End PBXVariantGroup section */

/* Begin XCBuildConfiguration section */
		4E7D88251F58D5D80026CBD4 /* Debug */ = {
			isa = XCBuildConfiguration;
			buildSettings = {
				ALWAYS_SEARCH_USER_PATHS = NO;
				CLANG_ANALYZER_NONNULL = YES;
				CLANG_ANALYZER_NUMBER_OBJECT_CONVERSION = YES_AGGRESSIVE;
				CLANG_CXX_LANGUAGE_STANDARD = "gnu++14";
				CLANG_CXX_LIBRARY = "libc++";
				CLANG_ENABLE_MODULES = YES;
				CLANG_ENABLE_OBJC_ARC = YES;
				CLANG_WARN_BLOCK_CAPTURE_AUTORELEASING = YES;
				CLANG_WARN_BOOL_CONVERSION = YES;
				CLANG_WARN_COMMA = YES;
				CLANG_WARN_CONSTANT_CONVERSION = YES;
				CLANG_WARN_DIRECT_OBJC_ISA_USAGE = YES_ERROR;
				CLANG_WARN_DOCUMENTATION_COMMENTS = YES;
				CLANG_WARN_EMPTY_BODY = YES;
				CLANG_WARN_ENUM_CONVERSION = YES;
				CLANG_WARN_INFINITE_RECURSION = YES;
				CLANG_WARN_INT_CONVERSION = YES;
				CLANG_WARN_NON_LITERAL_NULL_CONVERSION = YES;
				CLANG_WARN_OBJC_LITERAL_CONVERSION = YES;
				CLANG_WARN_OBJC_ROOT_CLASS = YES_ERROR;
				CLANG_WARN_RANGE_LOOP_ANALYSIS = YES;
				CLANG_WARN_STRICT_PROTOTYPES = YES;
				CLANG_WARN_SUSPICIOUS_MOVE = YES;
				CLANG_WARN_UNGUARDED_AVAILABILITY = YES_AGGRESSIVE;
				CLANG_WARN_UNREACHABLE_CODE = YES;
				CLANG_WARN__DUPLICATE_METHOD_MATCH = YES;
				CODE_SIGN_IDENTITY = "iPhone Developer";
				COPY_PHASE_STRIP = NO;
				DEBUG_INFORMATION_FORMAT = dwarf;
				ENABLE_STRICT_OBJC_MSGSEND = YES;
				ENABLE_TESTABILITY = YES;
				GCC_C_LANGUAGE_STANDARD = gnu11;
				GCC_DYNAMIC_NO_PIC = NO;
				GCC_NO_COMMON_BLOCKS = YES;
				GCC_OPTIMIZATION_LEVEL = 0;
				GCC_PREPROCESSOR_DEFINITIONS = (
					"DEBUG=1",
					"$(inherited)",
				);
				GCC_WARN_64_TO_32_BIT_CONVERSION = YES;
				GCC_WARN_ABOUT_RETURN_TYPE = YES_ERROR;
				GCC_WARN_UNDECLARED_SELECTOR = YES;
				GCC_WARN_UNINITIALIZED_AUTOS = YES_AGGRESSIVE;
				GCC_WARN_UNUSED_FUNCTION = YES;
				GCC_WARN_UNUSED_VARIABLE = YES;
				IPHONEOS_DEPLOYMENT_TARGET = 11.0;
				MTL_ENABLE_DEBUG_INFO = YES;
				ONLY_ACTIVE_ARCH = YES;
				SDKROOT = iphoneos;
				SWIFT_ACTIVE_COMPILATION_CONDITIONS = DEBUG;
				SWIFT_OPTIMIZATION_LEVEL = "-Onone";
			};
			name = Debug;
		};
		4E7D88261F58D5D80026CBD4 /* Release */ = {
			isa = XCBuildConfiguration;
			buildSettings = {
				ALWAYS_SEARCH_USER_PATHS = NO;
				CLANG_ANALYZER_NONNULL = YES;
				CLANG_ANALYZER_NUMBER_OBJECT_CONVERSION = YES_AGGRESSIVE;
				CLANG_CXX_LANGUAGE_STANDARD = "gnu++14";
				CLANG_CXX_LIBRARY = "libc++";
				CLANG_ENABLE_MODULES = YES;
				CLANG_ENABLE_OBJC_ARC = YES;
				CLANG_WARN_BLOCK_CAPTURE_AUTORELEASING = YES;
				CLANG_WARN_BOOL_CONVERSION = YES;
				CLANG_WARN_COMMA = YES;
				CLANG_WARN_CONSTANT_CONVERSION = YES;
				CLANG_WARN_DIRECT_OBJC_ISA_USAGE = YES_ERROR;
				CLANG_WARN_DOCUMENTATION_COMMENTS = YES;
				CLANG_WARN_EMPTY_BODY = YES;
				CLANG_WARN_ENUM_CONVERSION = YES;
				CLANG_WARN_INFINITE_RECURSION = YES;
				CLANG_WARN_INT_CONVERSION = YES;
				CLANG_WARN_NON_LITERAL_NULL_CONVERSION = YES;
				CLANG_WARN_OBJC_LITERAL_CONVERSION = YES;
				CLANG_WARN_OBJC_ROOT_CLASS = YES_ERROR;
				CLANG_WARN_RANGE_LOOP_ANALYSIS = YES;
				CLANG_WARN_STRICT_PROTOTYPES = YES;
				CLANG_WARN_SUSPICIOUS_MOVE = YES;
				CLANG_WARN_UNGUARDED_AVAILABILITY = YES_AGGRESSIVE;
				CLANG_WARN_UNREACHABLE_CODE = YES;
				CLANG_WARN__DUPLICATE_METHOD_MATCH = YES;
				CODE_SIGN_IDENTITY = "iPhone Developer";
				COPY_PHASE_STRIP = NO;
				DEBUG_INFORMATION_FORMAT = "dwarf-with-dsym";
				ENABLE_NS_ASSERTIONS = NO;
				ENABLE_STRICT_OBJC_MSGSEND = YES;
				GCC_C_LANGUAGE_STANDARD = gnu11;
				GCC_NO_COMMON_BLOCKS = YES;
				GCC_WARN_64_TO_32_BIT_CONVERSION = YES;
				GCC_WARN_ABOUT_RETURN_TYPE = YES_ERROR;
				GCC_WARN_UNDECLARED_SELECTOR = YES;
				GCC_WARN_UNINITIALIZED_AUTOS = YES_AGGRESSIVE;
				GCC_WARN_UNUSED_FUNCTION = YES;
				GCC_WARN_UNUSED_VARIABLE = YES;
				IPHONEOS_DEPLOYMENT_TARGET = 11.0;
				MTL_ENABLE_DEBUG_INFO = NO;
				SDKROOT = iphoneos;
				SWIFT_OPTIMIZATION_LEVEL = "-Owholemodule";
				VALIDATE_PRODUCT = YES;
			};
			name = Release;
		};
		4E7D88281F58D5D80026CBD4 /* Debug */ = {
			isa = XCBuildConfiguration;
			buildSettings = {
				ASSETCATALOG_COMPILER_APPICON_NAME = AppIcon;
				DEVELOPMENT_TEAM = T9DN4ZMC5E;
				INFOPLIST_FILE = "coder-swag/Info.plist";
				LD_RUNPATH_SEARCH_PATHS = "$(inherited) @executable_path/Frameworks";
				PRODUCT_BUNDLE_IDENTIFIER = "com.snowappdevelopment.coder-swag";
				PRODUCT_NAME = "$(TARGET_NAME)";
				SWIFT_VERSION = 4.0;
				TARGETED_DEVICE_FAMILY = "1,2";
			};
			name = Debug;
		};
		4E7D88291F58D5D80026CBD4 /* Release */ = {
			isa = XCBuildConfiguration;
			buildSettings = {
				ASSETCATALOG_COMPILER_APPICON_NAME = AppIcon;
				DEVELOPMENT_TEAM = T9DN4ZMC5E;
				INFOPLIST_FILE = "coder-swag/Info.plist";
				LD_RUNPATH_SEARCH_PATHS = "$(inherited) @executable_path/Frameworks";
				PRODUCT_BUNDLE_IDENTIFIER = "com.snowappdevelopment.coder-swag";
				PRODUCT_NAME = "$(TARGET_NAME)";
				SWIFT_VERSION = 4.0;
				TARGETED_DEVICE_FAMILY = "1,2";
			};
			name = Release;
		};
/* End XCBuildConfiguration section */

/* Begin XCConfigurationList section */
		4E7D88101F58D5D80026CBD4 /* Build configuration list for PBXProject "coder-swag" */ = {
			isa = XCConfigurationList;
			buildConfigurations = (
				4E7D88251F58D5D80026CBD4 /* Debug */,
				4E7D88261F58D5D80026CBD4 /* Release */,
			);
			defaultConfigurationIsVisible = 0;
			defaultConfigurationName = Release;
		};
		4E7D88271F58D5D80026CBD4 /* Build configuration list for PBXNativeTarget "coder-swag" */ = {
			isa = XCConfigurationList;
			buildConfigurations = (
				4E7D88281F58D5D80026CBD4 /* Debug */,
				4E7D88291F58D5D80026CBD4 /* Release */,
			);
			defaultConfigurationIsVisible = 0;
			defaultConfigurationName = Release;
		};
/* End XCConfigurationList section */
	};
	rootObject = 4E7D880D1F58D5D80026CBD4 /* Project object */;
}
